
Microsoft Visual Studio Solution File, Format Version 11.00
# Visual Studio 2010
Project("{8BC9CEB8-8B4A-11D0-8D11-00A0C91BC942}") = "Linear List", "Linear List\Linear List.vcxproj", "{B383CC3F-63F8-4D1E-9DE0-E554D2CC3E28}"
EndProject
Global
	GlobalSection(SolutionConfigurationPlatforms) = preSolution
		Debug|Win32 = Debug|Win32
		Release|Win32 = Release|Win32
	EndGlobalSection
	GlobalSection(ProjectConfigurationPlatforms) = postSolution
		{B383CC3F-63F8-4D1E-9DE0-E554D2CC3E28}.Debug|Win32.ActiveCfg = Debug|Win32
		{B383CC3F-63F8-4D1E-9DE0-E554D2CC3E28}.Debug|Win32.Build.0 = Debug|Win32
		{B383CC3F-63F8-4D1E-9DE0-E554D2CC3E28}.Release|Win32.ActiveCfg = Release|Win32
		{B383CC3F-63F8-4D1E-9DE0-E554D2CC3E28}.Release|Win32.Build.0 = Release|Win32
	EndGlobalSection
	GlobalSection(SolutionProperties) = preSolution
		HideSolutionNode = FALSE
	EndGlobalSection
EndGlobal
